
Microsoft Visual Studio Solution File, Format Version 12.00
# Visual Studio Version 17
VisualStudioVersion = 17.4.33110.190
MinimumVisualStudioVersion = 10.0.40219.1
Project("{FAE04EC0-301F-11D3-BF4B-00C04F79EFBC}") = "my-books", "my-books\my-books.csproj", "{38C7898A-3119-4942-93C5-67229620565B}"
EndProject
Global
	GlobalSection(SolutionConfigurationPlatforms) = preSolution
		Debug|Any CPU = Debug|Any CPU
		Release|Any CPU = Release|Any CPU
	EndGlobalSection
	GlobalSection(ProjectConfigurationPlatforms) = postSolution
		{38C7898A-3119-4942-93C5-67229620565B}.Debug|Any CPU.ActiveCfg = Debug|Any CPU
		{38C7898A-3119-4942-93C5-67229620565B}.Debug|Any CPU.Build.0 = Debug|Any CPU
		{38C7898A-3119-4942-93C5-67229620565B}.Release|Any CPU.ActiveCfg = Release|Any CPU
		{38C7898A-3119-4942-93C5-67229620565B}.Release|Any CPU.Build.0 = Release|Any CPU
	EndGlobalSection
	GlobalSection(SolutionProperties) = preSolution
		HideSolutionNode = FALSE
	EndGlobalSection
	GlobalSection(ExtensibilityGlobals) = postSolution
		SolutionGuid = {C86C9757-9619-4970-BF65-AA4A29EEEF85}
	EndGlobalSection
EndGlobal
